
Microsoft Visual Studio Solution File, Format Version 12.00
# Visual Studio Version 16
VisualStudioVersion = 16.0.31515.178
MinimumVisualStudioVersion = 10.0.40219.1
Project("{FAE04EC0-301F-11D3-BF4B-00C04F79EFBC}") = "KWSALESDatabaseWithServerExplorer", "KWSALESDatabaseWithServerExplorer.csproj", "{B4971423-68F1-4331-94DF-9F35DC304074}"
EndProject
Global
	GlobalSection(SolutionConfigurationPlatforms) = preSolution
		Debug|Any CPU = Debug|Any CPU
		Release|Any CPU = Release|Any CPU
	EndGlobalSection
	GlobalSection(ProjectConfigurationPlatforms) = postSolution
		{B4971423-68F1-4331-94DF-9F35DC304074}.Debug|Any CPU.ActiveCfg = Debug|Any CPU
		{B4971423-68F1-4331-94DF-9F35DC304074}.Debug|Any CPU.Build.0 = Debug|Any CPU
		{B4971423-68F1-4331-94DF-9F35DC304074}.Release|Any CPU.ActiveCfg = Release|Any CPU
		{B4971423-68F1-4331-94DF-9F35DC304074}.Release|Any CPU.Build.0 = Release|Any CPU
	EndGlobalSection
	GlobalSection(SolutionProperties) = preSolution
		HideSolutionNode = FALSE
	EndGlobalSection
	GlobalSection(ExtensibilityGlobals) = postSolution
		SolutionGuid = {EFF8964B-9AFB-470C-90FC-CADE6F8FE00C}
	EndGlobalSection
EndGlobal
